
Microsoft Visual Studio Solution File, Format Version 12.00
# Visual Studio 15
VisualStudioVersion = 15.0.27428.2043
MinimumVisualStudioVersion = 10.0.40219.1
Project("{8BC9CEB8-8B4A-11D0-8D11-00A0C91BC942}") = "SA2LevelEditor", "SA2LevelEditor\SA2LevelEditor.vcxproj", "{A6F69EA1-ED67-48F7-8E23-CFAFC6297DE2}"
EndProject
Global
	GlobalSection(SolutionConfigurationPlatforms) = preSolution
		Debug|x64 = Debug|x64
		Debug|x86 = Debug|x86
		Release|x64 = Release|x64
		Release|x86 = Release|x86
	EndGlobalSection
	GlobalSection(ProjectConfigurationPlatforms) = postSolution
		{A6F69EA1-ED67-48F7-8E23-CFAFC6297DE2}.Debug|x64.ActiveCfg = Debug|x64
		{A6F69EA1-ED67-48F7-8E23-CFAFC6297DE2}.Debug|x64.Build.0 = Debug|x64
		{A6F69EA1-ED67-48F7-8E23-CFAFC6297DE2}.Debug|x86.ActiveCfg = Debug|Win32
		{A6F69EA1-ED67-48F7-8E23-CFAFC6297DE2}.Debug|x86.Build.0 = Debug|Win32
		{A6F69EA1-ED67-48F7-8E23-CFAFC6297DE2}.Release|x64.ActiveCfg = Release|x64
		{A6F69EA1-ED67-48F7-8E23-CFAFC6297DE2}.Release|x64.Build.0 = Release|x64
		{A6F69EA1-ED67-48F7-8E23-CFAFC6297DE2}.Release|x86.ActiveCfg = Release|Win32
		{A6F69EA1-ED67-48F7-8E23-CFAFC6297DE2}.Release|x86.Build.0 = Release|Win32
	EndGlobalSection
	GlobalSection(SolutionProperties) = preSolution
		HideSolutionNode = FALSE
	EndGlobalSection
	GlobalSection(ExtensibilityGlobals) = postSolution
		SolutionGuid = {9E770D43-1519-4A4A-B20F-F23DFE14E7EE}
	EndGlobalSection
EndGlobal
