<?xml version="1.0" encoding="utf-8"?>
<Project ToolsVersion="4.0" xmlns="http://schemas.microsoft.com/developer/msbuild/2003">
  <ItemGroup>
    <Filter Include="Source Files">
      <UniqueIdentifier>{4FC737F1-C7A5-4376-A066-2A32D752A2FF}</UniqueIdentifier>
      <Extensions>cpp;c;cc;cxx;def;odl;idl;hpj;bat;asm;asmx</Extensions>
    </Filter>
    <Filter Include="Header Files">
      <UniqueIdentifier>{93995380-89BD-4b04-88EB-625FBE52EBFB}</UniqueIdentifier>
      <Extensions>h;hh;hpp;hxx;hm;inl;inc;ipp;xsd</Extensions>
    </Filter>
    <Filter Include="Resource Files">
      <UniqueIdentifier>{67DA6AB6-F800-4c08-8B7A-83BB121AAD01}</UniqueIdentifier>
      <Extensions>rc;ico;cur;bmp;dlg;rc2;rct;bin;rgs;gif;jpg;jpeg;jpe;resx;tiff;tif;png;wav;mfcribbon-ms</Extensions>
    </Filter>
    <Filter Include="Source Files\main">
      <UniqueIdentifier>{9f62c5b7-e3cc-4c8e-8b95-485752038ac8}</UniqueIdentifier>
    </Filter>
    <Filter Include="Source Files\collision">
      <UniqueIdentifier>{d686f772-76f0-4243-96fd-1510d097b992}</UniqueIdentifier>
    </Filter>
    <Filter Include="Source Files\toolbox">
      <UniqueIdentifier>{523aea6c-96d2-4b52-83b6-58728089cc43}</UniqueIdentifier>
    </Filter>
    <Filter Include="Source Files\entities">
      <UniqueIdentifier>{d178b521-54b1-488b-b961-b0c308633084}</UniqueIdentifier>
    </Filter>
    <Filter Include="Source Files\models">
      <UniqueIdentifier>{67c6e746-94dc-4813-9ff7-10ac9f8749a0}</UniqueIdentifier>
    </Filter>
    <Filter Include="Source Files\rendering">
      <UniqueIdentifier>{f62d51bb-6a86-4af8-b3b1-f7d4c7bf0858}</UniqueIdentifier>
    </Filter>
    <Filter Include="Source Files\loading">
      <UniqueIdentifier>{25a6fe62-1128-49cf-b16f-08268ba51e92}</UniqueIdentifier>
    </Filter>
    <Filter Include="Source Files\shaders">
      <UniqueIdentifier>{b02bdd81-eeba-4145-bbdd-eea6a0b1f64a}</UniqueIdentifier>
    </Filter>
    <Filter Include="Source Files\entities\GlobalObjects">
      <UniqueIdentifier>{cdbe8994-d2ce-400b-bbf8-151ce9808076}</UniqueIdentifier>
    </Filter>
    <Filter Include="Source Files\guis">
      <UniqueIdentifier>{f0cb61ea-997c-4796-9029-41f00b67714d}</UniqueIdentifier>
    </Filter>
  </ItemGroup>
  <ItemGroup>
    <ClCompile Include="src\glad.c">
      <Filter>Source Files</Filter>
    </ClCompile>
    <ClCompile Include="src\main\Main.cpp">
      <Filter>Source Files\main</Filter>
    </ClCompile>
    <ClCompile Include="src\collision\CollisionChecker.cpp">
      <Filter>Source Files\collision</Filter>
    </ClCompile>
    <ClCompile Include="src\collision\CollisionModel.cpp">
      <Filter>Source Files\collision</Filter>
    </ClCompile>
    <ClCompile Include="src\collision\Triangle3D.cpp">
      <Filter>Source Files\collision</Filter>
    </ClCompile>
    <ClCompile Include="src\toolbox\Getline.cpp">
      <Filter>Source Files\toolbox</Filter>
    </ClCompile>
    <ClCompile Include="src\toolbox\Input.cpp">
      <Filter>Source Files\toolbox</Filter>
    </ClCompile>
    <ClCompile Include="src\toolbox\Level.cpp">
      <Filter>Source Files\toolbox</Filter>
    </ClCompile>
    <ClCompile Include="src\toolbox\Maths.cpp">
      <Filter>Source Files\toolbox</Filter>
    </ClCompile>
    <ClCompile Include="src\toolbox\Matrix.cpp">
      <Filter>Source Files\toolbox</Filter>
    </ClCompile>
    <ClCompile Include="src\toolbox\Split.cpp">
      <Filter>Source Files\toolbox</Filter>
    </ClCompile>
    <ClCompile Include="src\toolbox\Vector.cpp">
      <Filter>Source Files\toolbox</Filter>
    </ClCompile>
    <ClCompile Include="src\entities\Camera.cpp">
      <Filter>Source Files\entities</Filter>
    </ClCompile>
    <ClCompile Include="src\entities\Dummy.cpp">
      <Filter>Source Files\entities</Filter>
    </ClCompile>
    <ClCompile Include="src\entities\Entity.cpp">
      <Filter>Source Files\entities</Filter>
    </ClCompile>
    <ClCompile Include="src\entities\Stage.cpp">
      <Filter>Source Files\entities</Filter>
    </ClCompile>
    <ClCompile Include="src\entities\StagePass2.cpp">
      <Filter>Source Files\entities</Filter>
    </ClCompile>
    <ClCompile Include="src\entities\StagePass3.cpp">
      <Filter>Source Files\entities</Filter>
    </ClCompile>
    <ClCompile Include="src\entities\StageTransparent.cpp">
      <Filter>Source Files\entities</Filter>
    </ClCompile>
    <ClCompile Include="src\models\RawModel.cpp">
      <Filter>Source Files\models</Filter>
    </ClCompile>
    <ClCompile Include="src\models\TexturedModel.cpp">
      <Filter>Source Files\models</Filter>
    </ClCompile>
    <ClCompile Include="src\models\ModelTexture.cpp">
      <Filter>Source Files\models</Filter>
    </ClCompile>
    <ClCompile Include="src\rendering\MasterRenderer.cpp">
      <Filter>Source Files\rendering</Filter>
    </ClCompile>
    <ClCompile Include="src\rendering\Renderer.cpp">
      <Filter>Source Files\rendering</Filter>
    </ClCompile>
    <ClCompile Include="src\main\DisplayManager.cpp">
      <Filter>Source Files\main</Filter>
    </ClCompile>
    <ClCompile Include="src\loading\Loader.cpp">
      <Filter>Source Files\loading</Filter>
    </ClCompile>
    <ClCompile Include="src\shaders\ShaderProgram.cpp">
      <Filter>Source Files\shaders</Filter>
    </ClCompile>
    <ClCompile Include="src\loading\FakeTexture.cpp">
      <Filter>Source Files\loading</Filter>
    </ClCompile>
    <ClCompile Include="src\loading\objLoader.cpp">
      <Filter>Source Files\loading</Filter>
    </ClCompile>
    <ClCompile Include="src\loading\Vertex.cpp">
      <Filter>Source Files\loading</Filter>
    </ClCompile>
    <ClCompile Include="src\loading\LevelLoader.cpp">
      <Filter>Source Files\loading</Filter>
    </ClCompile>
    <ClCompile Include="src\entities\SA2Object.cpp">
      <Filter>Source Files\entities</Filter>
    </ClCompile>
    <ClCompile Include="src\entities\GlobalObjects\Ring.cpp">
      <Filter>Source Files\entities\GlobalObjects</Filter>
    </ClCompile>
    <ClCompile Include="src\toolbox\ReadBytes.cpp">
      <Filter>Source Files\toolbox</Filter>
    </ClCompile>
    <ClCompile Include="src\entities\Unknown.cpp">
      <Filter>Source Files\entities</Filter>
    </ClCompile>
    <ClCompile Include="src\entities\CollideableObject.cpp">
      <Filter>Source Files\entities</Filter>
    </ClCompile>
    <ClCompile Include="src\guis\GuiManager.cpp">
      <Filter>Source Files\guis</Filter>
    </ClCompile>
    <ClCompile Include="src\guis\GuiRenderer.cpp">
      <Filter>Source Files\guis</Filter>
    </ClCompile>
    <ClCompile Include="src\guis\GuiShader.cpp">
      <Filter>Source Files\guis</Filter>
    </ClCompile>
    <ClCompile Include="src\guis\GuiTexture.cpp">
      <Filter>Source Files\guis</Filter>
    </ClCompile>
    <ClCompile Include="src\guis\GuiTextureResources.cpp">
      <Filter>Source Files\guis</Filter>
    </ClCompile>
    <ClCompile Include="src\entities\Cursor3D.cpp">
      <Filter>Source Files\entities</Filter>
    </ClCompile>
  </ItemGroup>
  <ItemGroup>
    <ClInclude Include="src\main\main.h">
      <Filter>Source Files\main</Filter>
    </ClInclude>
    <ClInclude Include="src\collision\collisionchecker.h">
      <Filter>Source Files\collision</Filter>
    </ClInclude>
    <ClInclude Include="src\collision\collisionmodel.h">
      <Filter>Source Files\collision</Filter>
    </ClInclude>
    <ClInclude Include="src\collision\triangle3d.h">
      <Filter>Source Files\collision</Filter>
    </ClInclude>
    <ClInclude Include="src\toolbox\getline.h">
      <Filter>Source Files\toolbox</Filter>
    </ClInclude>
    <ClInclude Include="src\toolbox\input.h">
      <Filter>Source Files\toolbox</Filter>
    </ClInclude>
    <ClInclude Include="src\toolbox\level.h">
      <Filter>Source Files\toolbox</Filter>
    </ClInclude>
    <ClInclude Include="src\toolbox\maths.h">
      <Filter>Source Files\toolbox</Filter>
    </ClInclude>
    <ClInclude Include="src\toolbox\matrix.h">
      <Filter>Source Files\toolbox</Filter>
    </ClInclude>
    <ClInclude Include="src\toolbox\split.h">
      <Filter>Source Files\toolbox</Filter>
    </ClInclude>
    <ClInclude Include="src\toolbox\vector.h">
      <Filter>Source Files\toolbox</Filter>
    </ClInclude>
    <ClInclude Include="src\entities\camera.h">
      <Filter>Source Files\entities</Filter>
    </ClInclude>
    <ClInclude Include="src\entities\dummy.h">
      <Filter>Source Files\entities</Filter>
    </ClInclude>
    <ClInclude Include="src\entities\entity.h">
      <Filter>Source Files\entities</Filter>
    </ClInclude>
    <ClInclude Include="src\entities\stage.h">
      <Filter>Source Files\entities</Filter>
    </ClInclude>
    <ClInclude Include="src\entities\stagepass2.h">
      <Filter>Source Files\entities</Filter>
    </ClInclude>
    <ClInclude Include="src\entities\stagepass3.h">
      <Filter>Source Files\entities</Filter>
    </ClInclude>
    <ClInclude Include="src\entities\stagetransparent.h">
      <Filter>Source Files\entities</Filter>
    </ClInclude>
    <ClInclude Include="src\models\rawmodel.h">
      <Filter>Source Files\models</Filter>
    </ClInclude>
    <ClInclude Include="src\models\texturedmodel.h">
      <Filter>Source Files\models</Filter>
    </ClInclude>
    <ClInclude Include="src\models\modeltexture.h">
      <Filter>Source Files\models</Filter>
    </ClInclude>
    <ClInclude Include="src\rendering\masterrenderer.h">
      <Filter>Source Files\rendering</Filter>
    </ClInclude>
    <ClInclude Include="src\rendering\renderer.h">
      <Filter>Source Files\rendering</Filter>
    </ClInclude>
    <ClInclude Include="src\main\displaymanager.h">
      <Filter>Source Files\main</Filter>
    </ClInclude>
    <ClInclude Include="src\loading\loader.h">
      <Filter>Source Files\loading</Filter>
    </ClInclude>
    <ClInclude Include="src\shaders\shaderprogram.h">
      <Filter>Source Files\shaders</Filter>
    </ClInclude>
    <ClInclude Include="src\loading\fakeTexture.h">
      <Filter>Source Files\loading</Filter>
    </ClInclude>
    <ClInclude Include="src\loading\objLoader.h">
      <Filter>Source Files\loading</Filter>
    </ClInclude>
    <ClInclude Include="src\loading\vertex.h">
      <Filter>Source Files\loading</Filter>
    </ClInclude>
    <ClInclude Include="src\loading\levelloader.h">
      <Filter>Source Files\loading</Filter>
    </ClInclude>
    <ClInclude Include="src\entities\sa2object.h">
      <Filter>Source Files\entities</Filter>
    </ClInclude>
    <ClInclude Include="src\entities\GlobalObjects\ring.h">
      <Filter>Source Files\entities\GlobalObjects</Filter>
    </ClInclude>
    <ClInclude Include="src\toolbox\readbytes.h">
      <Filter>Source Files\toolbox</Filter>
    </ClInclude>
    <ClInclude Include="src\entities\unknown.h">
      <Filter>Source Files\entities</Filter>
    </ClInclude>
    <ClInclude Include="src\entities\collideableobject.h">
      <Filter>Source Files\entities</Filter>
    </ClInclude>
    <ClInclude Include="src\guis\guimanager.h">
      <Filter>Source Files\guis</Filter>
    </ClInclude>
    <ClInclude Include="src\guis\guirenderer.h">
      <Filter>Source Files\guis</Filter>
    </ClInclude>
    <ClInclude Include="src\guis\guishader.h">
      <Filter>Source Files\guis</Filter>
    </ClInclude>
    <ClInclude Include="src\guis\guitexture.h">
      <Filter>Source Files\guis</Filter>
    </ClInclude>
    <ClInclude Include="src\guis\guitextureresources.h">
      <Filter>Source Files\guis</Filter>
    </ClInclude>
    <ClInclude Include="src\entities\cursor3d.h">
      <Filter>Source Files\entities</Filter>
    </ClInclude>
  </ItemGroup>
</Project>