<?xml version="1.0" encoding="utf-8"?>
<Project ToolsVersion="4.0" xmlns="http://schemas.microsoft.com/developer/msbuild/2003">
  <ItemGroup>
    <Filter Include="Source Files">
      <UniqueIdentifier>{4FC737F1-C7A5-4376-A066-2A32D752A2FF}</UniqueIdentifier>
      <Extensions>cpp;c;cc;cxx;def;odl;idl;hpj;bat;asm;asmx</Extensions>
    </Filter>
    <Filter Include="Resource Files">
      <UniqueIdentifier>{67DA6AB6-F800-4c08-8B7A-83BB121AAD01}</UniqueIdentifier>
      <Extensions>rc;ico;cur;bmp;dlg;rc2;rct;bin;rgs;gif;jpg;jpeg;jpe;resx;tiff;tif;png;wav;mfcribbon-ms</Extensions>
    </Filter>
    <Filter Include="Source Files\main">
      <UniqueIdentifier>{9f62c5b7-e3cc-4c8e-8b95-485752038ac8}</UniqueIdentifier>
    </Filter>
    <Filter Include="Source Files\collision">
      <UniqueIdentifier>{d686f772-76f0-4243-96fd-1510d097b992}</UniqueIdentifier>
    </Filter>
    <Filter Include="Source Files\toolbox">
      <UniqueIdentifier>{523aea6c-96d2-4b52-83b6-58728089cc43}</UniqueIdentifier>
    </Filter>
    <Filter Include="Source Files\entities">
      <UniqueIdentifier>{d178b521-54b1-488b-b961-b0c308633084}</UniqueIdentifier>
    </Filter>
    <Filter Include="Source Files\models">
      <UniqueIdentifier>{67c6e746-94dc-4813-9ff7-10ac9f8749a0}</UniqueIdentifier>
    </Filter>
    <Filter Include="Source Files\rendering">
      <UniqueIdentifier>{f62d51bb-6a86-4af8-b3b1-f7d4c7bf0858}</UniqueIdentifier>
    </Filter>
    <Filter Include="Source Files\loading">
      <UniqueIdentifier>{25a6fe62-1128-49cf-b16f-08268ba51e92}</UniqueIdentifier>
    </Filter>
    <Filter Include="Source Files\shaders">
      <UniqueIdentifier>{b02bdd81-eeba-4145-bbdd-eea6a0b1f64a}</UniqueIdentifier>
    </Filter>
    <Filter Include="Source Files\entities\GlobalObjects">
      <UniqueIdentifier>{cdbe8994-d2ce-400b-bbf8-151ce9808076}</UniqueIdentifier>
    </Filter>
    <Filter Include="Source Files\guis">
      <UniqueIdentifier>{f0cb61ea-997c-4796-9029-41f00b67714d}</UniqueIdentifier>
    </Filter>
    <Filter Include="Source Files\entities\LevelSpecific">
      <UniqueIdentifier>{1ebf60f9-d429-4b72-b0c1-b1fa27ec4269}</UniqueIdentifier>
    </Filter>
    <Filter Include="Source Files\entities\LevelSpecific\PyramidCave">
      <UniqueIdentifier>{c2cbc78a-d907-4e53-b988-ff90c344b766}</UniqueIdentifier>
    </Filter>
  </ItemGroup>
  <ItemGroup>
    <ClCompile Include="src\glad.c">
      <Filter>Source Files</Filter>
    </ClCompile>
    <ClCompile Include="src\main\Main.cpp">
      <Filter>Source Files\main</Filter>
    </ClCompile>
    <ClCompile Include="src\collision\CollisionChecker.cpp">
      <Filter>Source Files\collision</Filter>
    </ClCompile>
    <ClCompile Include="src\collision\CollisionModel.cpp">
      <Filter>Source Files\collision</Filter>
    </ClCompile>
    <ClCompile Include="src\collision\Triangle3D.cpp">
      <Filter>Source Files\collision</Filter>
    </ClCompile>
    <ClCompile Include="src\toolbox\Getline.cpp">
      <Filter>Source Files\toolbox</Filter>
    </ClCompile>
    <ClCompile Include="src\toolbox\Input.cpp">
      <Filter>Source Files\toolbox</Filter>
    </ClCompile>
    <ClCompile Include="src\toolbox\Level.cpp">
      <Filter>Source Files\toolbox</Filter>
    </ClCompile>
    <ClCompile Include="src\toolbox\Maths.cpp">
      <Filter>Source Files\toolbox</Filter>
    </ClCompile>
    <ClCompile Include="src\toolbox\Matrix.cpp">
      <Filter>Source Files\toolbox</Filter>
    </ClCompile>
    <ClCompile Include="src\toolbox\Split.cpp">
      <Filter>Source Files\toolbox</Filter>
    </ClCompile>
    <ClCompile Include="src\toolbox\Vector.cpp">
      <Filter>Source Files\toolbox</Filter>
    </ClCompile>
    <ClCompile Include="src\entities\Camera.cpp">
      <Filter>Source Files\entities</Filter>
    </ClCompile>
    <ClCompile Include="src\entities\Dummy.cpp">
      <Filter>Source Files\entities</Filter>
    </ClCompile>
    <ClCompile Include="src\entities\Entity.cpp">
      <Filter>Source Files\entities</Filter>
    </ClCompile>
    <ClCompile Include="src\entities\Stage.cpp">
      <Filter>Source Files\entities</Filter>
    </ClCompile>
    <ClCompile Include="src\entities\StagePass2.cpp">
      <Filter>Source Files\entities</Filter>
    </ClCompile>
    <ClCompile Include="src\entities\StagePass3.cpp">
      <Filter>Source Files\entities</Filter>
    </ClCompile>
    <ClCompile Include="src\entities\StageTransparent.cpp">
      <Filter>Source Files\entities</Filter>
    </ClCompile>
    <ClCompile Include="src\models\RawModel.cpp">
      <Filter>Source Files\models</Filter>
    </ClCompile>
    <ClCompile Include="src\models\TexturedModel.cpp">
      <Filter>Source Files\models</Filter>
    </ClCompile>
    <ClCompile Include="src\models\ModelTexture.cpp">
      <Filter>Source Files\models</Filter>
    </ClCompile>
    <ClCompile Include="src\rendering\MasterRenderer.cpp">
      <Filter>Source Files\rendering</Filter>
    </ClCompile>
    <ClCompile Include="src\rendering\Renderer.cpp">
      <Filter>Source Files\rendering</Filter>
    </ClCompile>
    <ClCompile Include="src\main\DisplayManager.cpp">
      <Filter>Source Files\main</Filter>
    </ClCompile>
    <ClCompile Include="src\loading\Loader.cpp">
      <Filter>Source Files\loading</Filter>
    </ClCompile>
    <ClCompile Include="src\shaders\ShaderProgram.cpp">
      <Filter>Source Files\shaders</Filter>
    </ClCompile>
    <ClCompile Include="src\loading\FakeTexture.cpp">
      <Filter>Source Files\loading</Filter>
    </ClCompile>
    <ClCompile Include="src\loading\objLoader.cpp">
      <Filter>Source Files\loading</Filter>
    </ClCompile>
    <ClCompile Include="src\loading\Vertex.cpp">
      <Filter>Source Files\loading</Filter>
    </ClCompile>
    <ClCompile Include="src\loading\LevelLoader.cpp">
      <Filter>Source Files\loading</Filter>
    </ClCompile>
    <ClCompile Include="src\entities\SA2Object.cpp">
      <Filter>Source Files\entities</Filter>
    </ClCompile>
    <ClCompile Include="src\toolbox\ReadBytes.cpp">
      <Filter>Source Files\toolbox</Filter>
    </ClCompile>
    <ClCompile Include="src\entities\Unknown.cpp">
      <Filter>Source Files\entities</Filter>
    </ClCompile>
    <ClCompile Include="src\entities\CollideableObject.cpp">
      <Filter>Source Files\entities</Filter>
    </ClCompile>
    <ClCompile Include="src\guis\GuiManager.cpp">
      <Filter>Source Files\guis</Filter>
    </ClCompile>
    <ClCompile Include="src\guis\GuiRenderer.cpp">
      <Filter>Source Files\guis</Filter>
    </ClCompile>
    <ClCompile Include="src\guis\GuiShader.cpp">
      <Filter>Source Files\guis</Filter>
    </ClCompile>
    <ClCompile Include="src\guis\GuiTexture.cpp">
      <Filter>Source Files\guis</Filter>
    </ClCompile>
    <ClCompile Include="src\guis\GuiTextureResources.cpp">
      <Filter>Source Files\guis</Filter>
    </ClCompile>
    <ClCompile Include="src\entities\Cursor3D.cpp">
      <Filter>Source Files\entities</Filter>
    </ClCompile>
    <ClCompile Include="src\entities\StageCollision.cpp">
      <Filter>Source Files\entities</Filter>
    </ClCompile>
    <ClCompile Include="src\entities\StageKillplanes.cpp">
      <Filter>Source Files\entities</Filter>
    </ClCompile>
    <ClCompile Include="src\entities\GlobalObjects\RING.cpp">
      <Filter>Source Files\entities\GlobalObjects</Filter>
    </ClCompile>
    <ClCompile Include="src\entities\GlobalObjects\RING_LINEAR.cpp">
      <Filter>Source Files\entities\GlobalObjects</Filter>
    </ClCompile>
    <ClCompile Include="src\entities\StageSky.cpp">
      <Filter>Source Files\entities</Filter>
    </ClCompile>
    <ClCompile Include="src\entities\GlobalObjects\SPRB.cpp">
      <Filter>Source Files\entities\GlobalObjects</Filter>
    </ClCompile>
    <ClCompile Include="src\entities\GlobalObjects\RING_CIRCLE.cpp">
      <Filter>Source Files\entities\GlobalObjects</Filter>
    </ClCompile>
    <ClCompile Include="src\entities\GlobalObjects\SPRA.cpp">
      <Filter>Source Files\entities\GlobalObjects</Filter>
    </ClCompile>
    <ClCompile Include="src\entities\GlobalObjects\KASOKU.cpp">
      <Filter>Source Files\entities\GlobalObjects</Filter>
    </ClCompile>
    <ClCompile Include="src\entities\GlobalObjects\CCUBE.cpp">
      <Filter>Source Files\entities\GlobalObjects</Filter>
    </ClCompile>
    <ClCompile Include="src\entities\GlobalObjects\SPHERE.cpp">
      <Filter>Source Files\entities\GlobalObjects</Filter>
    </ClCompile>
    <ClCompile Include="src\entities\GlobalObjects\EMERALD.cpp">
      <Filter>Source Files\entities\GlobalObjects</Filter>
    </ClCompile>
    <ClCompile Include="src\toolbox\Hex.cpp">
      <Filter>Source Files\toolbox</Filter>
    </ClCompile>
    <ClCompile Include="src\entities\GlobalObjects\CCYL.cpp">
      <Filter>Source Files\entities\GlobalObjects</Filter>
    </ClCompile>
    <ClCompile Include="src\entities\GlobalObjects\BIGJUMP.cpp">
      <Filter>Source Files\entities\GlobalObjects</Filter>
    </ClCompile>
    <ClCompile Include="src\entities\GlobalObjects\LIGHT_SW.cpp">
      <Filter>Source Files\entities\GlobalObjects</Filter>
    </ClCompile>
    <ClCompile Include="src\entities\GlobalObjects\ROCKET.cpp">
      <Filter>Source Files\entities\GlobalObjects</Filter>
    </ClCompile>
    <ClCompile Include="src\entities\GlobalObjects\LINKLINK.cpp">
      <Filter>Source Files\entities\GlobalObjects</Filter>
    </ClCompile>
    <ClCompile Include="src\entities\GlobalObjects\STOPLOCKON.cpp">
      <Filter>Source Files\entities\GlobalObjects</Filter>
    </ClCompile>
    <ClCompile Include="src\entities\GlobalObjects\BUNCHIN.cpp">
      <Filter>Source Files\entities\GlobalObjects</Filter>
    </ClCompile>
    <ClCompile Include="src\entities\GlobalObjects\SWITCH.cpp">
      <Filter>Source Files\entities\GlobalObjects</Filter>
    </ClCompile>
    <ClCompile Include="src\entities\GlobalObjects\IRONBALL2.cpp">
      <Filter>Source Files\entities\GlobalObjects</Filter>
    </ClCompile>
    <ClCompile Include="src\entities\GlobalObjects\SWDRNGC.cpp">
      <Filter>Source Files\entities\GlobalObjects</Filter>
    </ClCompile>
    <ClCompile Include="src\entities\GlobalObjects\SWDRNGL.cpp">
      <Filter>Source Files\entities\GlobalObjects</Filter>
    </ClCompile>
    <ClCompile Include="src\entities\GlobalObjects\KDDRNGC.cpp">
      <Filter>Source Files\entities\GlobalObjects</Filter>
    </ClCompile>
    <ClCompile Include="src\entities\GlobalObjects\KDDRNGL.cpp">
      <Filter>Source Files\entities\GlobalObjects</Filter>
    </ClCompile>
    <ClCompile Include="src\entities\GlobalObjects\KDSPRING.cpp">
      <Filter>Source Files\entities\GlobalObjects</Filter>
    </ClCompile>
    <ClCompile Include="src\entities\GlobalObjects\KDSPRINGB.cpp">
      <Filter>Source Files\entities\GlobalObjects</Filter>
    </ClCompile>
    <ClCompile Include="src\entities\GlobalObjects\SG_RING.cpp">
      <Filter>Source Files\entities\GlobalObjects</Filter>
    </ClCompile>
    <ClCompile Include="src\entities\GlobalObjects\SG_SPRA.cpp">
      <Filter>Source Files\entities\GlobalObjects</Filter>
    </ClCompile>
    <ClCompile Include="src\entities\GlobalObjects\SG_SPRB.cpp">
      <Filter>Source Files\entities\GlobalObjects</Filter>
    </ClCompile>
    <ClCompile Include="src\entities\GlobalObjects\KNUDAI.cpp">
      <Filter>Source Files\entities\GlobalObjects</Filter>
    </ClCompile>
    <ClCompile Include="src\entities\GlobalObjects\EMERALD_F.cpp">
      <Filter>Source Files\entities\GlobalObjects</Filter>
    </ClCompile>
    <ClCompile Include="src\entities\GlobalObjects\ITEMBOX.cpp">
      <Filter>Source Files\entities\GlobalObjects</Filter>
    </ClCompile>
    <ClCompile Include="src\entities\GlobalObjects\ITEMBOXAIR.cpp">
      <Filter>Source Files\entities\GlobalObjects</Filter>
    </ClCompile>
    <ClCompile Include="src\entities\GlobalObjects\ITEMBOXBALLOON.cpp">
      <Filter>Source Files\entities\GlobalObjects</Filter>
    </ClCompile>
    <ClCompile Include="src\entities\GlobalObjects\SAVEPOINT.cpp">
      <Filter>Source Files\entities\GlobalObjects</Filter>
    </ClCompile>
    <ClCompile Include="src\entities\GlobalObjects\3SPRING.cpp">
      <Filter>Source Files\entities\GlobalObjects</Filter>
    </ClCompile>
    <ClCompile Include="src\entities\LevelSpecific\PyramidCave\SPIDERWEB.cpp">
      <Filter>Source Files\entities\LevelSpecific\PyramidCave</Filter>
    </ClCompile>
    <ClCompile Include="src\entities\GlobalObjects\E_KUMI.cpp">
      <Filter>Source Files\entities\GlobalObjects</Filter>
    </ClCompile>
    <ClCompile Include="src\entities\GlobalObjects\E_AI.cpp">
      <Filter>Source Files\entities\GlobalObjects</Filter>
    </ClCompile>
    <ClCompile Include="src\entities\CameraTrigger.cpp">
      <Filter>Source Files\entities</Filter>
    </ClCompile>
    <ClCompile Include="src\entities\LoopspeedTrigger.cpp">
      <Filter>Source Files\entities</Filter>
    </ClCompile>
  </ItemGroup>
  <ItemGroup>
    <ClInclude Include="src\main\main.h">
      <Filter>Source Files\main</Filter>
    </ClInclude>
    <ClInclude Include="src\collision\collisionchecker.h">
      <Filter>Source Files\collision</Filter>
    </ClInclude>
    <ClInclude Include="src\collision\collisionmodel.h">
      <Filter>Source Files\collision</Filter>
    </ClInclude>
    <ClInclude Include="src\collision\triangle3d.h">
      <Filter>Source Files\collision</Filter>
    </ClInclude>
    <ClInclude Include="src\toolbox\getline.h">
      <Filter>Source Files\toolbox</Filter>
    </ClInclude>
    <ClInclude Include="src\toolbox\input.h">
      <Filter>Source Files\toolbox</Filter>
    </ClInclude>
    <ClInclude Include="src\toolbox\level.h">
      <Filter>Source Files\toolbox</Filter>
    </ClInclude>
    <ClInclude Include="src\toolbox\maths.h">
      <Filter>Source Files\toolbox</Filter>
    </ClInclude>
    <ClInclude Include="src\toolbox\matrix.h">
      <Filter>Source Files\toolbox</Filter>
    </ClInclude>
    <ClInclude Include="src\toolbox\split.h">
      <Filter>Source Files\toolbox</Filter>
    </ClInclude>
    <ClInclude Include="src\toolbox\vector.h">
      <Filter>Source Files\toolbox</Filter>
    </ClInclude>
    <ClInclude Include="src\entities\camera.h">
      <Filter>Source Files\entities</Filter>
    </ClInclude>
    <ClInclude Include="src\entities\dummy.h">
      <Filter>Source Files\entities</Filter>
    </ClInclude>
    <ClInclude Include="src\entities\entity.h">
      <Filter>Source Files\entities</Filter>
    </ClInclude>
    <ClInclude Include="src\entities\stage.h">
      <Filter>Source Files\entities</Filter>
    </ClInclude>
    <ClInclude Include="src\entities\stagepass2.h">
      <Filter>Source Files\entities</Filter>
    </ClInclude>
    <ClInclude Include="src\entities\stagepass3.h">
      <Filter>Source Files\entities</Filter>
    </ClInclude>
    <ClInclude Include="src\entities\stagetransparent.h">
      <Filter>Source Files\entities</Filter>
    </ClInclude>
    <ClInclude Include="src\models\rawmodel.h">
      <Filter>Source Files\models</Filter>
    </ClInclude>
    <ClInclude Include="src\models\texturedmodel.h">
      <Filter>Source Files\models</Filter>
    </ClInclude>
    <ClInclude Include="src\models\modeltexture.h">
      <Filter>Source Files\models</Filter>
    </ClInclude>
    <ClInclude Include="src\rendering\masterrenderer.h">
      <Filter>Source Files\rendering</Filter>
    </ClInclude>
    <ClInclude Include="src\rendering\renderer.h">
      <Filter>Source Files\rendering</Filter>
    </ClInclude>
    <ClInclude Include="src\main\displaymanager.h">
      <Filter>Source Files\main</Filter>
    </ClInclude>
    <ClInclude Include="src\loading\loader.h">
      <Filter>Source Files\loading</Filter>
    </ClInclude>
    <ClInclude Include="src\shaders\shaderprogram.h">
      <Filter>Source Files\shaders</Filter>
    </ClInclude>
    <ClInclude Include="src\loading\fakeTexture.h">
      <Filter>Source Files\loading</Filter>
    </ClInclude>
    <ClInclude Include="src\loading\objLoader.h">
      <Filter>Source Files\loading</Filter>
    </ClInclude>
    <ClInclude Include="src\loading\vertex.h">
      <Filter>Source Files\loading</Filter>
    </ClInclude>
    <ClInclude Include="src\loading\levelloader.h">
      <Filter>Source Files\loading</Filter>
    </ClInclude>
    <ClInclude Include="src\entities\sa2object.h">
      <Filter>Source Files\entities</Filter>
    </ClInclude>
    <ClInclude Include="src\toolbox\readbytes.h">
      <Filter>Source Files\toolbox</Filter>
    </ClInclude>
    <ClInclude Include="src\entities\unknown.h">
      <Filter>Source Files\entities</Filter>
    </ClInclude>
    <ClInclude Include="src\entities\collideableobject.h">
      <Filter>Source Files\entities</Filter>
    </ClInclude>
    <ClInclude Include="src\guis\guimanager.h">
      <Filter>Source Files\guis</Filter>
    </ClInclude>
    <ClInclude Include="src\guis\guirenderer.h">
      <Filter>Source Files\guis</Filter>
    </ClInclude>
    <ClInclude Include="src\guis\guishader.h">
      <Filter>Source Files\guis</Filter>
    </ClInclude>
    <ClInclude Include="src\guis\guitexture.h">
      <Filter>Source Files\guis</Filter>
    </ClInclude>
    <ClInclude Include="src\guis\guitextureresources.h">
      <Filter>Source Files\guis</Filter>
    </ClInclude>
    <ClInclude Include="src\entities\cursor3d.h">
      <Filter>Source Files\entities</Filter>
    </ClInclude>
    <ClInclude Include="src\entities\stagecollision.h">
      <Filter>Source Files\entities</Filter>
    </ClInclude>
    <ClInclude Include="src\entities\stagekillplanes.h">
      <Filter>Source Files\entities</Filter>
    </ClInclude>
    <ClInclude Include="src\entities\GlobalObjects\ring.h">
      <Filter>Source Files\entities\GlobalObjects</Filter>
    </ClInclude>
    <ClInclude Include="src\entities\GlobalObjects\ringlinear.h">
      <Filter>Source Files\entities\GlobalObjects</Filter>
    </ClInclude>
    <ClInclude Include="src\entities\stagesky.h">
      <Filter>Source Files\entities</Filter>
    </ClInclude>
    <ClInclude Include="src\entities\GlobalObjects\sprb.h">
      <Filter>Source Files\entities\GlobalObjects</Filter>
    </ClInclude>
    <ClInclude Include="src\entities\GlobalObjects\ringcircle.h">
      <Filter>Source Files\entities\GlobalObjects</Filter>
    </ClInclude>
    <ClInclude Include="src\entities\GlobalObjects\spra.h">
      <Filter>Source Files\entities\GlobalObjects</Filter>
    </ClInclude>
    <ClInclude Include="src\entities\GlobalObjects\kasoku.h">
      <Filter>Source Files\entities\GlobalObjects</Filter>
    </ClInclude>
    <ClInclude Include="src\entities\GlobalObjects\ccube.h">
      <Filter>Source Files\entities\GlobalObjects</Filter>
    </ClInclude>
    <ClInclude Include="src\entities\GlobalObjects\sphere.h">
      <Filter>Source Files\entities\GlobalObjects</Filter>
    </ClInclude>
    <ClInclude Include="src\entities\GlobalObjects\emerald.h">
      <Filter>Source Files\entities\GlobalObjects</Filter>
    </ClInclude>
    <ClInclude Include="src\toolbox\hex.h">
      <Filter>Source Files\toolbox</Filter>
    </ClInclude>
    <ClInclude Include="src\entities\GlobalObjects\ccyl.h">
      <Filter>Source Files\entities\GlobalObjects</Filter>
    </ClInclude>
    <ClInclude Include="src\entities\GlobalObjects\bigjump.h">
      <Filter>Source Files\entities\GlobalObjects</Filter>
    </ClInclude>
    <ClInclude Include="src\entities\GlobalObjects\lightsw.h">
      <Filter>Source Files\entities\GlobalObjects</Filter>
    </ClInclude>
    <ClInclude Include="src\entities\GlobalObjects\rocket.h">
      <Filter>Source Files\entities\GlobalObjects</Filter>
    </ClInclude>
    <ClInclude Include="src\entities\GlobalObjects\linklink.h">
      <Filter>Source Files\entities\GlobalObjects</Filter>
    </ClInclude>
    <ClInclude Include="src\entities\GlobalObjects\stoplockon.h">
      <Filter>Source Files\entities\GlobalObjects</Filter>
    </ClInclude>
    <ClInclude Include="src\entities\GlobalObjects\bunchin.h">
      <Filter>Source Files\entities\GlobalObjects</Filter>
    </ClInclude>
    <ClInclude Include="src\entities\GlobalObjects\switch.h">
      <Filter>Source Files\entities\GlobalObjects</Filter>
    </ClInclude>
    <ClInclude Include="src\entities\GlobalObjects\ironball2.h">
      <Filter>Source Files\entities\GlobalObjects</Filter>
    </ClInclude>
    <ClInclude Include="src\entities\GlobalObjects\swdrngc.h">
      <Filter>Source Files\entities\GlobalObjects</Filter>
    </ClInclude>
    <ClInclude Include="src\entities\GlobalObjects\swdrngl.h">
      <Filter>Source Files\entities\GlobalObjects</Filter>
    </ClInclude>
    <ClInclude Include="src\entities\GlobalObjects\kddrngc.h">
      <Filter>Source Files\entities\GlobalObjects</Filter>
    </ClInclude>
    <ClInclude Include="src\entities\GlobalObjects\kddrngl.h">
      <Filter>Source Files\entities\GlobalObjects</Filter>
    </ClInclude>
    <ClInclude Include="src\entities\GlobalObjects\kdspringb.h">
      <Filter>Source Files\entities\GlobalObjects</Filter>
    </ClInclude>
    <ClInclude Include="src\entities\GlobalObjects\kdspring.h">
      <Filter>Source Files\entities\GlobalObjects</Filter>
    </ClInclude>
    <ClInclude Include="src\entities\GlobalObjects\sgring.h">
      <Filter>Source Files\entities\GlobalObjects</Filter>
    </ClInclude>
    <ClInclude Include="src\entities\GlobalObjects\sgspra.h">
      <Filter>Source Files\entities\GlobalObjects</Filter>
    </ClInclude>
    <ClInclude Include="src\entities\GlobalObjects\sgsprb.h">
      <Filter>Source Files\entities\GlobalObjects</Filter>
    </ClInclude>
    <ClInclude Include="src\entities\GlobalObjects\knudai.h">
      <Filter>Source Files\entities\GlobalObjects</Filter>
    </ClInclude>
    <ClInclude Include="src\entities\GlobalObjects\emeraldf.h">
      <Filter>Source Files\entities\GlobalObjects</Filter>
    </ClInclude>
    <ClInclude Include="src\entities\GlobalObjects\itembox.h">
      <Filter>Source Files\entities\GlobalObjects</Filter>
    </ClInclude>
    <ClInclude Include="src\entities\GlobalObjects\itemboxair.h">
      <Filter>Source Files\entities\GlobalObjects</Filter>
    </ClInclude>
    <ClInclude Include="src\entities\GlobalObjects\itemboxballoon.h">
      <Filter>Source Files\entities\GlobalObjects</Filter>
    </ClInclude>
    <ClInclude Include="src\entities\GlobalObjects\savepoint.h">
      <Filter>Source Files\entities\GlobalObjects</Filter>
    </ClInclude>
    <ClInclude Include="src\entities\GlobalObjects\3spring.h">
      <Filter>Source Files\entities\GlobalObjects</Filter>
    </ClInclude>
    <ClInclude Include="src\entities\LevelSpecific\PyramidCave\spiderweb.h">
      <Filter>Source Files\entities\LevelSpecific\PyramidCave</Filter>
    </ClInclude>
    <ClInclude Include="src\entities\GlobalObjects\ekumi.h">
      <Filter>Source Files\entities\GlobalObjects</Filter>
    </ClInclude>
    <ClInclude Include="src\entities\GlobalObjects\eai.h">
      <Filter>Source Files\entities\GlobalObjects</Filter>
    </ClInclude>
    <ClInclude Include="src\entities\cameratrigger.h">
      <Filter>Source Files\entities</Filter>
    </ClInclude>
    <ClInclude Include="src\entities\loopspeedtrigger.h">
      <Filter>Source Files\entities</Filter>
    </ClInclude>
  </ItemGroup>
</Project>